
Microsoft Visual Studio Solution File, Format Version 12.00
# Visual Studio 15
VisualStudioVersion = 15.0.28307.1231
MinimumVisualStudioVersion = 10.0.40219.1
Project("{FAE04EC0-301F-11D3-BF4B-00C04F79EFBC}") = "NetCoreWebApi", "NetCoreWebApi\NetCoreWebApi.csproj", "{97BDB6B5-DE13-49C5-A8B0-54C58D247E22}"
EndProject
Global
	GlobalSection(SolutionConfigurationPlatforms) = preSolution
		Debug|Any CPU = Debug|Any CPU
		Release|Any CPU = Release|Any CPU
	EndGlobalSection
	GlobalSection(ProjectConfigurationPlatforms) = postSolution
		{97BDB6B5-DE13-49C5-A8B0-54C58D247E22}.Debug|Any CPU.ActiveCfg = Debug|Any CPU
		{97BDB6B5-DE13-49C5-A8B0-54C58D247E22}.Debug|Any CPU.Build.0 = Debug|Any CPU
		{97BDB6B5-DE13-49C5-A8B0-54C58D247E22}.Release|Any CPU.ActiveCfg = Release|Any CPU
		{97BDB6B5-DE13-49C5-A8B0-54C58D247E22}.Release|Any CPU.Build.0 = Release|Any CPU
	EndGlobalSection
	GlobalSection(SolutionProperties) = preSolution
		HideSolutionNode = FALSE
	EndGlobalSection
	GlobalSection(ExtensibilityGlobals) = postSolution
		SolutionGuid = {04852A70-E817-42DE-9018-CF8A8B2E47C6}
	EndGlobalSection
EndGlobal
